github.com/xytan0056/depwithgen v0.0.0-20191129203314-a1ebc3249de3 h1:OTs07ifrhEM21JsB+1GJv+UjQfuY25I/0l+RXDnkQ20=
github.com/xytan0056/depwithgen v0.0.0-20191129203314-a1ebc3249de3/go.mod h1:y8a7v9klL/JJ+QAYNUCw/+M4zmQjsQ7eS1Z40YjIY1I=
github.com/xytan0056/depwithgen v0.0.0-20191129224513-751dfb6a7539 h1:5Yrch2r2qIV3nMDMAdpbovxo2xWHcgJmJUKonx7B94M=
github.com/xytan0056/depwithoutgen v0.0.0-20191129230558-682cac05edff h1:RE/FHKOC9CYJD9n4ZmYbmhkGC5ktnaZm88uQk+m/qvs=
